
Microsoft Visual Studio Solution File, Format Version 12.00
# Visual Studio Version 16
VisualStudioVersion = 16.0.30204.135
MinimumVisualStudioVersion = 10.0.40219.1
Project("{FAE04EC0-301F-11D3-BF4B-00C04F79EFBC}") = "AIForms", "AIForms.csproj", "{B8025053-1377-421F-A2A0-C93C512C932A}"
EndProject
Project("{FAE04EC0-301F-11D3-BF4B-00C04F79EFBC}") = "MyAIWrapper", "..\MyAIWrapper\MyAIWrapper.csproj", "{5543245E-094A-4359-A3CC-11DF35392FCF}"
EndProject
Global
	GlobalSection(SolutionConfigurationPlatforms) = preSolution
		Debug|Any CPU = Debug|Any CPU
		Release|Any CPU = Release|Any CPU
	EndGlobalSection
	GlobalSection(ProjectConfigurationPlatforms) = postSolution
		{B8025053-1377-421F-A2A0-C93C512C932A}.Debug|Any CPU.ActiveCfg = Debug|Any CPU
		{B8025053-1377-421F-A2A0-C93C512C932A}.Debug|Any CPU.Build.0 = Debug|Any CPU
		{B8025053-1377-421F-A2A0-C93C512C932A}.Release|Any CPU.ActiveCfg = Release|Any CPU
		{B8025053-1377-421F-A2A0-C93C512C932A}.Release|Any CPU.Build.0 = Release|Any CPU
		{5543245E-094A-4359-A3CC-11DF35392FCF}.Debug|Any CPU.ActiveCfg = Debug|Any CPU
		{5543245E-094A-4359-A3CC-11DF35392FCF}.Debug|Any CPU.Build.0 = Debug|Any CPU
		{5543245E-094A-4359-A3CC-11DF35392FCF}.Release|Any CPU.ActiveCfg = Release|Any CPU
		{5543245E-094A-4359-A3CC-11DF35392FCF}.Release|Any CPU.Build.0 = Release|Any CPU
	EndGlobalSection
	GlobalSection(SolutionProperties) = preSolution
		HideSolutionNode = FALSE
	EndGlobalSection
	GlobalSection(ExtensibilityGlobals) = postSolution
		SolutionGuid = {4CE77A10-A769-4789-9A91-BD8F35F5A453}
	EndGlobalSection
EndGlobal
